
Microsoft Visual Studio Solution File, Format Version 12.00
# Visual Studio Version 17
VisualStudioVersion = 17.0.31903.59
MinimumVisualStudioVersion = 10.0.40219.1
Project("{FAE04EC0-301F-11D3-BF4B-00C04F79EFBC}") = "Restaurants.API", "Restaurants.API\Restaurants.API.csproj", "{6BF5C4AE-A026-4D5A-B670-2778D56E5FEF}"
EndProject
Project("{FAE04EC0-301F-11D3-BF4B-00C04F79EFBC}") = "Restaurants.Application", "Restaurants.Application\Restaurants.Application.csproj", "{9FC66833-22A0-47E9-B17A-D15E1B83B89F}"
EndProject
Project("{FAE04EC0-301F-11D3-BF4B-00C04F79EFBC}") = "Restaurants.Domain", "Restaurants.Domain\Restaurants.Domain.csproj", "{2CDB003D-FF2A-4B31-B8F9-D0AA80C782BA}"
EndProject
Project("{FAE04EC0-301F-11D3-BF4B-00C04F79EFBC}") = "Restaurants.Infrastructure", "Restaurants.Infrastructure\Restaurants.Infrastructure.csproj", "{60E5C5C1-D2A6-4FCE-BF78-403C2035124C}"
EndProject
Project("{FAE04EC0-301F-11D3-BF4B-00C04F79EFBC}") = "Restaurants.Application.Tests", "Restaurants.Application.Tests\Restaurants.Application.Tests.csproj", "{3505F4D3-C643-4858-9F1A-4CC827D62295}"
EndProject
Project("{FAE04EC0-301F-11D3-BF4B-00C04F79EFBC}") = "Restuarants.Infrastructure.Tests", "Restuarants.Infrastructure.Tests\Restuarants.Infrastructure.Tests.csproj", "{A3AB3C2D-8ABB-44BD-87EB-07494165B046}"
EndProject
Project("{FAE04EC0-301F-11D3-BF4B-00C04F79EFBC}") = "Restaurants.Api.Tests", "Restaurants.Api.Tests\Restaurants.Api.Tests.csproj", "{C36FC72B-8050-46C4-B52A-D2ABBBA65686}"
EndProject
Global
	GlobalSection(SolutionConfigurationPlatforms) = preSolution
		Debug|Any CPU = Debug|Any CPU
		Release|Any CPU = Release|Any CPU
	EndGlobalSection
	GlobalSection(SolutionProperties) = preSolution
		HideSolutionNode = FALSE
	EndGlobalSection
	GlobalSection(ProjectConfigurationPlatforms) = postSolution
		{6BF5C4AE-A026-4D5A-B670-2778D56E5FEF}.Debug|Any CPU.ActiveCfg = Debug|Any CPU
		{6BF5C4AE-A026-4D5A-B670-2778D56E5FEF}.Debug|Any CPU.Build.0 = Debug|Any CPU
		{6BF5C4AE-A026-4D5A-B670-2778D56E5FEF}.Release|Any CPU.ActiveCfg = Release|Any CPU
		{6BF5C4AE-A026-4D5A-B670-2778D56E5FEF}.Release|Any CPU.Build.0 = Release|Any CPU
		{9FC66833-22A0-47E9-B17A-D15E1B83B89F}.Debug|Any CPU.ActiveCfg = Debug|Any CPU
		{9FC66833-22A0-47E9-B17A-D15E1B83B89F}.Debug|Any CPU.Build.0 = Debug|Any CPU
		{9FC66833-22A0-47E9-B17A-D15E1B83B89F}.Release|Any CPU.ActiveCfg = Release|Any CPU
		{9FC66833-22A0-47E9-B17A-D15E1B83B89F}.Release|Any CPU.Build.0 = Release|Any CPU
		{2CDB003D-FF2A-4B31-B8F9-D0AA80C782BA}.Debug|Any CPU.ActiveCfg = Debug|Any CPU
		{2CDB003D-FF2A-4B31-B8F9-D0AA80C782BA}.Debug|Any CPU.Build.0 = Debug|Any CPU
		{2CDB003D-FF2A-4B31-B8F9-D0AA80C782BA}.Release|Any CPU.ActiveCfg = Release|Any CPU
		{2CDB003D-FF2A-4B31-B8F9-D0AA80C782BA}.Release|Any CPU.Build.0 = Release|Any CPU
		{60E5C5C1-D2A6-4FCE-BF78-403C2035124C}.Debug|Any CPU.ActiveCfg = Debug|Any CPU
		{60E5C5C1-D2A6-4FCE-BF78-403C2035124C}.Debug|Any CPU.Build.0 = Debug|Any CPU
		{60E5C5C1-D2A6-4FCE-BF78-403C2035124C}.Release|Any CPU.ActiveCfg = Release|Any CPU
		{60E5C5C1-D2A6-4FCE-BF78-403C2035124C}.Release|Any CPU.Build.0 = Release|Any CPU
		{3505F4D3-C643-4858-9F1A-4CC827D62295}.Debug|Any CPU.ActiveCfg = Debug|Any CPU
		{3505F4D3-C643-4858-9F1A-4CC827D62295}.Debug|Any CPU.Build.0 = Debug|Any CPU
		{3505F4D3-C643-4858-9F1A-4CC827D62295}.Release|Any CPU.ActiveCfg = Release|Any CPU
		{3505F4D3-C643-4858-9F1A-4CC827D62295}.Release|Any CPU.Build.0 = Release|Any CPU
		{A3AB3C2D-8ABB-44BD-87EB-07494165B046}.Debug|Any CPU.ActiveCfg = Debug|Any CPU
		{A3AB3C2D-8ABB-44BD-87EB-07494165B046}.Debug|Any CPU.Build.0 = Debug|Any CPU
		{A3AB3C2D-8ABB-44BD-87EB-07494165B046}.Release|Any CPU.ActiveCfg = Release|Any CPU
		{A3AB3C2D-8ABB-44BD-87EB-07494165B046}.Release|Any CPU.Build.0 = Release|Any CPU
		{C36FC72B-8050-46C4-B52A-D2ABBBA65686}.Debug|Any CPU.ActiveCfg = Debug|Any CPU
		{C36FC72B-8050-46C4-B52A-D2ABBBA65686}.Debug|Any CPU.Build.0 = Debug|Any CPU
		{C36FC72B-8050-46C4-B52A-D2ABBBA65686}.Release|Any CPU.ActiveCfg = Release|Any CPU
		{C36FC72B-8050-46C4-B52A-D2ABBBA65686}.Release|Any CPU.Build.0 = Release|Any CPU
	EndGlobalSection
EndGlobal
